
Microsoft Visual Studio Solution File, Format Version 12.00
# Visual Studio Version 16
VisualStudioVersion = 16.0.31624.102
MinimumVisualStudioVersion = 10.0.40219.1
Project("{FAE04EC0-301F-11D3-BF4B-00C04F79EFBC}") = "lab3", "lab3\lab3.csproj", "{DC1B8E9E-D0A1-4ACF-803A-57F5D25E9498}"
EndProject
Global
	GlobalSection(SolutionConfigurationPlatforms) = preSolution
		Debug|Any CPU = Debug|Any CPU
		Release|Any CPU = Release|Any CPU
	EndGlobalSection
	GlobalSection(ProjectConfigurationPlatforms) = postSolution
		{DC1B8E9E-D0A1-4ACF-803A-57F5D25E9498}.Debug|Any CPU.ActiveCfg = Debug|Any CPU
		{DC1B8E9E-D0A1-4ACF-803A-57F5D25E9498}.Debug|Any CPU.Build.0 = Debug|Any CPU
		{DC1B8E9E-D0A1-4ACF-803A-57F5D25E9498}.Release|Any CPU.ActiveCfg = Release|Any CPU
		{DC1B8E9E-D0A1-4ACF-803A-57F5D25E9498}.Release|Any CPU.Build.0 = Release|Any CPU
	EndGlobalSection
	GlobalSection(SolutionProperties) = preSolution
		HideSolutionNode = FALSE
	EndGlobalSection
	GlobalSection(ExtensibilityGlobals) = postSolution
		SolutionGuid = {47BBB295-BD38-49C6-9BD7-60F4345EB099}
	EndGlobalSection
EndGlobal
